{
  "name": "agenda2",
  "lockfileVersion": 2,
  "requires": true,
  "packages": {
    "": {
      "dependencies": {
        "fullcalendar": "^5.11.2"
      }
    },
    "node_modules/fullcalendar": {
      "version": "5.11.2",
      "license": "MIT"
    }
  },
  "dependencies": {
    "fullcalendar": {
      "version": "5.11.2"
    }
  }
}
